
Microsoft Visual Studio Solution File, Format Version 12.00
# Visual Studio 15
VisualStudioVersion = 15.0.27130.2027
MinimumVisualStudioVersion = 10.0.40219.1
Project("{888888A0-9F3D-457C-B088-3A5042F75D52}") = "Object Detection", "Trying Object Detection\Object Detection.pyproj", "{E0A76D36-86AC-4FFD-A130-D4960EF1BF62}"
EndProject
Global
	GlobalSection(SolutionConfigurationPlatforms) = preSolution
		Debug|Any CPU = Debug|Any CPU
		Release|Any CPU = Release|Any CPU
	EndGlobalSection
	GlobalSection(ProjectConfigurationPlatforms) = postSolution
		{E0A76D36-86AC-4FFD-A130-D4960EF1BF62}.Debug|Any CPU.ActiveCfg = Debug|Any CPU
		{E0A76D36-86AC-4FFD-A130-D4960EF1BF62}.Release|Any CPU.ActiveCfg = Release|Any CPU
	EndGlobalSection
	GlobalSection(SolutionProperties) = preSolution
		HideSolutionNode = FALSE
	EndGlobalSection
	GlobalSection(ExtensibilityGlobals) = postSolution
		SolutionGuid = {CCA735E0-E578-43D5-8031-8B8F24126502}
	EndGlobalSection
EndGlobal
